
Microsoft Visual Studio Solution File, Format Version 12.00
# Visual Studio 2012
Project("{8BC9CEB8-8B4A-11D0-8D11-00A0C91BC942}") = "labParser", "labParser\labParser.vcxproj", "{ABDF28D2-6622-4AD9-94B2-F4FE31108244}"
EndProject
Global
	GlobalSection(SolutionConfigurationPlatforms) = preSolution
		Debug|Win32 = Debug|Win32
		Release|Win32 = Release|Win32
	EndGlobalSection
	GlobalSection(ProjectConfigurationPlatforms) = postSolution
		{ABDF28D2-6622-4AD9-94B2-F4FE31108244}.Debug|Win32.ActiveCfg = Debug|Win32
		{ABDF28D2-6622-4AD9-94B2-F4FE31108244}.Debug|Win32.Build.0 = Debug|Win32
		{ABDF28D2-6622-4AD9-94B2-F4FE31108244}.Release|Win32.ActiveCfg = Release|Win32
		{ABDF28D2-6622-4AD9-94B2-F4FE31108244}.Release|Win32.Build.0 = Release|Win32
	EndGlobalSection
	GlobalSection(SolutionProperties) = preSolution
		HideSolutionNode = FALSE
	EndGlobalSection
EndGlobal
