
Microsoft Visual Studio Solution File, Format Version 12.00
# Visual Studio 2012
Project("{8BC9CEB8-8B4A-11D0-8D11-00A0C91BC942}") = "templateLinkList", "templateLinkList\templateLinkList.vcxproj", "{CD148AD0-CBF3-48DF-8E05-1575161CA98B}"
EndProject
Global
	GlobalSection(SolutionConfigurationPlatforms) = preSolution
		Debug|Win32 = Debug|Win32
		Release|Win32 = Release|Win32
	EndGlobalSection
	GlobalSection(ProjectConfigurationPlatforms) = postSolution
		{CD148AD0-CBF3-48DF-8E05-1575161CA98B}.Debug|Win32.ActiveCfg = Debug|Win32
		{CD148AD0-CBF3-48DF-8E05-1575161CA98B}.Debug|Win32.Build.0 = Debug|Win32
		{CD148AD0-CBF3-48DF-8E05-1575161CA98B}.Release|Win32.ActiveCfg = Release|Win32
		{CD148AD0-CBF3-48DF-8E05-1575161CA98B}.Release|Win32.Build.0 = Release|Win32
	EndGlobalSection
	GlobalSection(SolutionProperties) = preSolution
		HideSolutionNode = FALSE
	EndGlobalSection
EndGlobal
